
Microsoft Visual Studio Solution File, Format Version 12.00
# Visual Studio Version 16
VisualStudioVersion = 16.0.30114.105
MinimumVisualStudioVersion = 10.0.40219.1
Project("{FAE04EC0-301F-11D3-BF4B-00C04F79EFBC}") = "Solid.Integrations.PlayHQ.WebhookReceiver", "Solid.Integrations.PlayHQ.WebhookReceiver\Solid.Integrations.PlayHQ.WebhookReceiver.csproj", "{91BBFDAE-55F4-4E0F-A0A1-F798C72729FD}"
EndProject
Project("{FAE04EC0-301F-11D3-BF4B-00C04F79EFBC}") = "Solid.Integrations.PlayHQ.WebhookReceiver.Tests", "Solid.Integrations.PlayHQ.WebhookReceiver.Tests\Solid.Integrations.PlayHQ.WebhookReceiver.Tests.csproj", "{4CA152B3-23E7-42A7-96B6-04D1110573F8}"
EndProject
Global
	GlobalSection(SolutionConfigurationPlatforms) = preSolution
		Debug|Any CPU = Debug|Any CPU
		Release|Any CPU = Release|Any CPU
	EndGlobalSection
	GlobalSection(SolutionProperties) = preSolution
		HideSolutionNode = FALSE
	EndGlobalSection
	GlobalSection(ProjectConfigurationPlatforms) = postSolution
		{91BBFDAE-55F4-4E0F-A0A1-F798C72729FD}.Debug|Any CPU.ActiveCfg = Debug|Any CPU
		{91BBFDAE-55F4-4E0F-A0A1-F798C72729FD}.Debug|Any CPU.Build.0 = Debug|Any CPU
		{91BBFDAE-55F4-4E0F-A0A1-F798C72729FD}.Release|Any CPU.ActiveCfg = Release|Any CPU
		{91BBFDAE-55F4-4E0F-A0A1-F798C72729FD}.Release|Any CPU.Build.0 = Release|Any CPU
		{4CA152B3-23E7-42A7-96B6-04D1110573F8}.Debug|Any CPU.ActiveCfg = Debug|Any CPU
		{4CA152B3-23E7-42A7-96B6-04D1110573F8}.Debug|Any CPU.Build.0 = Debug|Any CPU
		{4CA152B3-23E7-42A7-96B6-04D1110573F8}.Release|Any CPU.ActiveCfg = Release|Any CPU
		{4CA152B3-23E7-42A7-96B6-04D1110573F8}.Release|Any CPU.Build.0 = Release|Any CPU
	EndGlobalSection
EndGlobal
