
Microsoft Visual Studio Solution File, Format Version 12.00
# Visual Studio Version 17
VisualStudioVersion = 17.3.32804.467
MinimumVisualStudioVersion = 10.0.40219.1
Project("{9A19103F-16F7-4668-BE54-9A1E7A4F7556}") = "Solid.Integrations.PlayHQ.WebhookReceiver", "Solid.Integrations.PlayHQ.WebhookReceiver\Solid.Integrations.PlayHQ.WebhookReceiver.csproj", "{91BBFDAE-55F4-4E0F-A0A1-F798C72729FD}"
EndProject
Project("{9A19103F-16F7-4668-BE54-9A1E7A4F7556}") = "Solid.Integrations.PlayHQ.WebhookReceiver.Tests", "Solid.Integrations.PlayHQ.WebhookReceiver.Tests\Solid.Integrations.PlayHQ.WebhookReceiver.Tests.csproj", "{4CA152B3-23E7-42A7-96B6-04D1110573F8}"
EndProject
Project("{9A19103F-16F7-4668-BE54-9A1E7A4F7556}") = "Solid.Integrations.PlayHQ.WebhookClient", "Solid.Integrations.PlayHQ.WebhookClient\Solid.Integrations.PlayHQ.WebhookClient.csproj", "{15AF2A42-3C97-469F-B0B2-EB4B5F3686DB}"
EndProject
Project("{FAE04EC0-301F-11D3-BF4B-00C04F79EFBC}") = "Solid.Integrations.PlayHQ.Common", "Solid.Integrations.PlayHQ.Common\Solid.Integrations.PlayHQ.Common.csproj", "{171D5966-1C09-4720-AAD5-22D4797D6F00}"
EndProject
Global
	GlobalSection(SolutionConfigurationPlatforms) = preSolution
		Debug|Any CPU = Debug|Any CPU
		Release|Any CPU = Release|Any CPU
	EndGlobalSection
	GlobalSection(ProjectConfigurationPlatforms) = postSolution
		{91BBFDAE-55F4-4E0F-A0A1-F798C72729FD}.Debug|Any CPU.ActiveCfg = Debug|Any CPU
		{91BBFDAE-55F4-4E0F-A0A1-F798C72729FD}.Debug|Any CPU.Build.0 = Debug|Any CPU
		{91BBFDAE-55F4-4E0F-A0A1-F798C72729FD}.Release|Any CPU.ActiveCfg = Release|Any CPU
		{91BBFDAE-55F4-4E0F-A0A1-F798C72729FD}.Release|Any CPU.Build.0 = Release|Any CPU
		{4CA152B3-23E7-42A7-96B6-04D1110573F8}.Debug|Any CPU.ActiveCfg = Debug|Any CPU
		{4CA152B3-23E7-42A7-96B6-04D1110573F8}.Debug|Any CPU.Build.0 = Debug|Any CPU
		{4CA152B3-23E7-42A7-96B6-04D1110573F8}.Release|Any CPU.ActiveCfg = Release|Any CPU
		{4CA152B3-23E7-42A7-96B6-04D1110573F8}.Release|Any CPU.Build.0 = Release|Any CPU
		{15AF2A42-3C97-469F-B0B2-EB4B5F3686DB}.Debug|Any CPU.ActiveCfg = Debug|Any CPU
		{15AF2A42-3C97-469F-B0B2-EB4B5F3686DB}.Debug|Any CPU.Build.0 = Debug|Any CPU
		{15AF2A42-3C97-469F-B0B2-EB4B5F3686DB}.Release|Any CPU.ActiveCfg = Release|Any CPU
		{15AF2A42-3C97-469F-B0B2-EB4B5F3686DB}.Release|Any CPU.Build.0 = Release|Any CPU
		{171D5966-1C09-4720-AAD5-22D4797D6F00}.Debug|Any CPU.ActiveCfg = Debug|Any CPU
		{171D5966-1C09-4720-AAD5-22D4797D6F00}.Debug|Any CPU.Build.0 = Debug|Any CPU
		{171D5966-1C09-4720-AAD5-22D4797D6F00}.Release|Any CPU.ActiveCfg = Release|Any CPU
		{171D5966-1C09-4720-AAD5-22D4797D6F00}.Release|Any CPU.Build.0 = Release|Any CPU
	EndGlobalSection
	GlobalSection(SolutionProperties) = preSolution
		HideSolutionNode = FALSE
	EndGlobalSection
	GlobalSection(ExtensibilityGlobals) = postSolution
		SolutionGuid = {1126AA13-2A63-43A0-BB5C-2896E7F0CBD5}
	EndGlobalSection
EndGlobal
